
Microsoft Visual Studio Solution File, Format Version 12.00
# Visual Studio 15
Project("{FAE04EC0-301F-11D3-BF4B-00C04F79EFBC}") = "socket_client", "socket_client\socket_client.csproj", "{1C9DBAAC-82A9-4F21-8B02-4B78624EC1F9}"
EndProject
Global
	GlobalSection(SolutionConfigurationPlatforms) = preSolution
		Debug|anycpu = Debug|anycpu
		Release|anycpu = Release|anycpu
	EndGlobalSection
	GlobalSection(ProjectConfigurationPlatforms) = postSolution
		{1C9DBAAC-82A9-4F21-8B02-4B78624EC1F9}.Debug|anycpu.ActiveCfg = Debug|anycpu
		{1C9DBAAC-82A9-4F21-8B02-4B78624EC1F9}.Debug|anycpu.Build.0 = Debug|anycpu
		{1C9DBAAC-82A9-4F21-8B02-4B78624EC1F9}.Release|anycpu.ActiveCfg = Release|anycpu
		{1C9DBAAC-82A9-4F21-8B02-4B78624EC1F9}.Release|anycpu.Build.0 = Release|anycpu
	EndGlobalSection
EndGlobal
